
Microsoft Visual Studio Solution File, Format Version 12.00
# Visual Studio Version 16
VisualStudioVersion = 16.0.28803.452
MinimumVisualStudioVersion = 10.0.40219.1
Project("{8BC9CEB8-8B4A-11D0-8D11-00A0C91BC942}") = "finalpro", "finalpro.vcxproj", "{EB39A1FA-D4D1-4D3D-B3E4-121588971E8B}"
EndProject
Global
	GlobalSection(SolutionConfigurationPlatforms) = preSolution
		Debug|x64 = Debug|x64
		Debug|x86 = Debug|x86
		Release|x64 = Release|x64
		Release|x86 = Release|x86
	EndGlobalSection
	GlobalSection(ProjectConfigurationPlatforms) = postSolution
		{EB39A1FA-D4D1-4D3D-B3E4-121588971E8B}.Debug|x64.ActiveCfg = Debug|x64
		{EB39A1FA-D4D1-4D3D-B3E4-121588971E8B}.Debug|x64.Build.0 = Debug|x64
		{EB39A1FA-D4D1-4D3D-B3E4-121588971E8B}.Debug|x86.ActiveCfg = Debug|Win32
		{EB39A1FA-D4D1-4D3D-B3E4-121588971E8B}.Debug|x86.Build.0 = Debug|Win32
		{EB39A1FA-D4D1-4D3D-B3E4-121588971E8B}.Release|x64.ActiveCfg = Release|x64
		{EB39A1FA-D4D1-4D3D-B3E4-121588971E8B}.Release|x64.Build.0 = Release|x64
		{EB39A1FA-D4D1-4D3D-B3E4-121588971E8B}.Release|x86.ActiveCfg = Release|Win32
		{EB39A1FA-D4D1-4D3D-B3E4-121588971E8B}.Release|x86.Build.0 = Release|Win32
	EndGlobalSection
	GlobalSection(SolutionProperties) = preSolution
		HideSolutionNode = FALSE
	EndGlobalSection
	GlobalSection(ExtensibilityGlobals) = postSolution
		SolutionGuid = {A72B6EE5-0C9A-4CC9-BCEC-A32B2152FE01}
	EndGlobalSection
EndGlobal
